
Microsoft Visual Studio Solution File, Format Version 12.00
# Visual Studio 14
VisualStudioVersion = 14.0.24720.0
MinimumVisualStudioVersion = 10.0.40219.1
Project("{FAE04EC0-301F-11D3-BF4B-00C04F79EFBC}") = "DocCreator", "DocCreator\DocCreator.csproj", "{A83BD3DC-9B44-449F-B154-3255C4365351}"
EndProject
Project("{FAE04EC0-301F-11D3-BF4B-00C04F79EFBC}") = "MarkdownGenerator", "MarkdownGenerator\MarkdownGenerator.csproj", "{2A33E0D6-E728-440E-A168-AB3C6E3B3ADA}"
EndProject
Project("{FAE04EC0-301F-11D3-BF4B-00C04F79EFBC}") = "Cake.DocCreator", "Cake.DocCreator\Cake.DocCreator.csproj", "{8C09465A-9523-462E-8942-47E70696AAD4}"
EndProject
Project("{FAE04EC0-301F-11D3-BF4B-00C04F79EFBC}") = "Cake.DocCreator.Tests", "Cake.DocCreator.Tests\Cake.DocCreator.Tests.csproj", "{1E0041BA-0731-4566-B1F5-F1F35395E0E5}"
EndProject
Global
	GlobalSection(SolutionConfigurationPlatforms) = preSolution
		Debug|Any CPU = Debug|Any CPU
		Release|Any CPU = Release|Any CPU
	EndGlobalSection
	GlobalSection(ProjectConfigurationPlatforms) = postSolution
		{A83BD3DC-9B44-449F-B154-3255C4365351}.Debug|Any CPU.ActiveCfg = Debug|Any CPU
		{A83BD3DC-9B44-449F-B154-3255C4365351}.Debug|Any CPU.Build.0 = Debug|Any CPU
		{A83BD3DC-9B44-449F-B154-3255C4365351}.Release|Any CPU.ActiveCfg = Release|Any CPU
		{A83BD3DC-9B44-449F-B154-3255C4365351}.Release|Any CPU.Build.0 = Release|Any CPU
		{2A33E0D6-E728-440E-A168-AB3C6E3B3ADA}.Debug|Any CPU.ActiveCfg = Debug|Any CPU
		{2A33E0D6-E728-440E-A168-AB3C6E3B3ADA}.Debug|Any CPU.Build.0 = Debug|Any CPU
		{2A33E0D6-E728-440E-A168-AB3C6E3B3ADA}.Release|Any CPU.ActiveCfg = Release|Any CPU
		{2A33E0D6-E728-440E-A168-AB3C6E3B3ADA}.Release|Any CPU.Build.0 = Release|Any CPU
		{8C09465A-9523-462E-8942-47E70696AAD4}.Debug|Any CPU.ActiveCfg = Debug|Any CPU
		{8C09465A-9523-462E-8942-47E70696AAD4}.Debug|Any CPU.Build.0 = Debug|Any CPU
		{8C09465A-9523-462E-8942-47E70696AAD4}.Release|Any CPU.ActiveCfg = Release|Any CPU
		{8C09465A-9523-462E-8942-47E70696AAD4}.Release|Any CPU.Build.0 = Release|Any CPU
		{1E0041BA-0731-4566-B1F5-F1F35395E0E5}.Debug|Any CPU.ActiveCfg = Debug|Any CPU
		{1E0041BA-0731-4566-B1F5-F1F35395E0E5}.Debug|Any CPU.Build.0 = Debug|Any CPU
		{1E0041BA-0731-4566-B1F5-F1F35395E0E5}.Release|Any CPU.ActiveCfg = Release|Any CPU
		{1E0041BA-0731-4566-B1F5-F1F35395E0E5}.Release|Any CPU.Build.0 = Release|Any CPU
	EndGlobalSection
	GlobalSection(SolutionProperties) = preSolution
		HideSolutionNode = FALSE
	EndGlobalSection
EndGlobal
